
Microsoft Visual Studio Solution File, Format Version 12.00
# Visual Studio Version 17
VisualStudioVersion = 17.7.34221.43
MinimumVisualStudioVersion = 10.0.40219.1
Project("{FAE04EC0-301F-11D3-BF4B-00C04F79EFBC}") = "CrudCliente", "CrudCliente\CrudCliente.csproj", "{B947320F-FE20-4B7D-97E3-BA186EE8B731}"
EndProject
Global
	GlobalSection(SolutionConfigurationPlatforms) = preSolution
		Debug|Any CPU = Debug|Any CPU
		Release|Any CPU = Release|Any CPU
	EndGlobalSection
	GlobalSection(ProjectConfigurationPlatforms) = postSolution
		{B947320F-FE20-4B7D-97E3-BA186EE8B731}.Debug|Any CPU.ActiveCfg = Debug|Any CPU
		{B947320F-FE20-4B7D-97E3-BA186EE8B731}.Debug|Any CPU.Build.0 = Debug|Any CPU
		{B947320F-FE20-4B7D-97E3-BA186EE8B731}.Release|Any CPU.ActiveCfg = Release|Any CPU
		{B947320F-FE20-4B7D-97E3-BA186EE8B731}.Release|Any CPU.Build.0 = Release|Any CPU
	EndGlobalSection
	GlobalSection(SolutionProperties) = preSolution
		HideSolutionNode = FALSE
	EndGlobalSection
	GlobalSection(ExtensibilityGlobals) = postSolution
		SolutionGuid = {8B001EF6-6B89-4616-862C-8710B255BC37}
	EndGlobalSection
EndGlobal
